
Microsoft Visual Studio Solution File, Format Version 12.00
# Visual Studio Version 16
VisualStudioVersion = 16.0.31424.327
MinimumVisualStudioVersion = 10.0.40219.1
Project("{FAE04EC0-301F-11D3-BF4B-00C04F79EFBC}") = "DiscordService", "DiscordService.csproj", "{0A9325C4-8168-436D-893B-E5745E3C9E4D}"
EndProject
Global
	GlobalSection(SolutionConfigurationPlatforms) = preSolution
		Debug|Any CPU = Debug|Any CPU
		Release|Any CPU = Release|Any CPU
	EndGlobalSection
	GlobalSection(ProjectConfigurationPlatforms) = postSolution
		{0A9325C4-8168-436D-893B-E5745E3C9E4D}.Debug|Any CPU.ActiveCfg = Debug|Any CPU
		{0A9325C4-8168-436D-893B-E5745E3C9E4D}.Debug|Any CPU.Build.0 = Debug|Any CPU
		{0A9325C4-8168-436D-893B-E5745E3C9E4D}.Release|Any CPU.ActiveCfg = Release|Any CPU
		{0A9325C4-8168-436D-893B-E5745E3C9E4D}.Release|Any CPU.Build.0 = Release|Any CPU
	EndGlobalSection
	GlobalSection(SolutionProperties) = preSolution
		HideSolutionNode = FALSE
	EndGlobalSection
	GlobalSection(ExtensibilityGlobals) = postSolution
		SolutionGuid = {7DCD6F52-4E9E-4C6A-9C1E-314DFD5BBBF8}
	EndGlobalSection
EndGlobal
